{
  "requires": true,
  "lockfileVersion": 1,
  "dependencies": {
    "@react-leaflet/core": {
      "version": "2.0.0",
      "resolved": "https://registry.npmjs.org/@react-leaflet/core/-/core-2.0.0.tgz",
      "integrity": "sha512-SQQ5DCQIaLzvslN6wCXs5OWqtlvk1Ubv2n5d7zTM8SDl9hM5Rr2wVy7/nOCIY958D75/ovhq6ZoSvT7GLCX6sg=="
    },
    "leaflet": {
      "version": "1.8.0",
      "resolved": "https://registry.npmjs.org/leaflet/-/leaflet-1.8.0.tgz",
      "integrity": "sha512-gwhMjFCQiYs3x/Sf+d49f10ERXaEFCPr+nVTryhAW8DWbMGqJqt9G4XuIaHmFW08zYvhgdzqXGr8AlW8v8dQkA=="
    },
    "react-leaflet": {
      "version": "4.0.0",
      "resolved": "https://registry.npmjs.org/react-leaflet/-/react-leaflet-4.0.0.tgz",
      "integrity": "sha512-qJJvoCNe12XHSWVUwhXYmMObPoSYy8h/hn0aDNvcBuq3O8zmVI5S2RdabhaDg/iWMCJ2jbCWZWtIU5VtztO9sg==",
      "requires": {
        "@react-leaflet/core": "^2.0.0"
      }
    }
  }
}
